
Microsoft Visual Studio Solution File, Format Version 12.00
# Visual Studio Version 17
VisualStudioVersion = 17.7.34024.191
MinimumVisualStudioVersion = 10.0.40219.1
Project("{9A19103F-16F7-4668-BE54-9A1E7A4F7556}") = "Agraviador_Forms", "Agraviador_Forms.csproj", "{BDD347DF-480A-42DC-BBE7-F8BE74F1A284}"
EndProject
Global
	GlobalSection(SolutionConfigurationPlatforms) = preSolution
		Debug|Any CPU = Debug|Any CPU
		Release|Any CPU = Release|Any CPU
	EndGlobalSection
	GlobalSection(ProjectConfigurationPlatforms) = postSolution
		{BDD347DF-480A-42DC-BBE7-F8BE74F1A284}.Debug|Any CPU.ActiveCfg = Debug|Any CPU
		{BDD347DF-480A-42DC-BBE7-F8BE74F1A284}.Debug|Any CPU.Build.0 = Debug|Any CPU
		{BDD347DF-480A-42DC-BBE7-F8BE74F1A284}.Release|Any CPU.ActiveCfg = Release|Any CPU
		{BDD347DF-480A-42DC-BBE7-F8BE74F1A284}.Release|Any CPU.Build.0 = Release|Any CPU
	EndGlobalSection
	GlobalSection(SolutionProperties) = preSolution
		HideSolutionNode = FALSE
	EndGlobalSection
	GlobalSection(ExtensibilityGlobals) = postSolution
		SolutionGuid = {DD5DAF54-AB09-43BB-81C6-D497997C4874}
	EndGlobalSection
EndGlobal
