
Microsoft Visual Studio Solution File, Format Version 12.00
# Visual Studio Version 17
VisualStudioVersion = 17.7.34024.191
MinimumVisualStudioVersion = 10.0.40219.1
Project("{FAE04EC0-301F-11D3-BF4B-00C04F79EFBC}") = "Agraviador_MA1", "Agraviador_MA1.csproj", "{2F61F34C-331B-4845-9D7C-B7A83313287A}"
EndProject
Global
	GlobalSection(SolutionConfigurationPlatforms) = preSolution
		Debug|Any CPU = Debug|Any CPU
		Release|Any CPU = Release|Any CPU
	EndGlobalSection
	GlobalSection(ProjectConfigurationPlatforms) = postSolution
		{2F61F34C-331B-4845-9D7C-B7A83313287A}.Debug|Any CPU.ActiveCfg = Debug|Any CPU
		{2F61F34C-331B-4845-9D7C-B7A83313287A}.Debug|Any CPU.Build.0 = Debug|Any CPU
		{2F61F34C-331B-4845-9D7C-B7A83313287A}.Release|Any CPU.ActiveCfg = Release|Any CPU
		{2F61F34C-331B-4845-9D7C-B7A83313287A}.Release|Any CPU.Build.0 = Release|Any CPU
	EndGlobalSection
	GlobalSection(SolutionProperties) = preSolution
		HideSolutionNode = FALSE
	EndGlobalSection
	GlobalSection(ExtensibilityGlobals) = postSolution
		SolutionGuid = {18FC3B7F-5F1A-4A9C-9E79-C248A1BA1F7C}
	EndGlobalSection
EndGlobal
