
Microsoft Visual Studio Solution File, Format Version 12.00
# Visual Studio Version 16
VisualStudioVersion = 16.0.31624.102
MinimumVisualStudioVersion = 10.0.40219.1
Project("{FAE04EC0-301F-11D3-BF4B-00C04F79EFBC}") = "ITELEC", "ITELEC\ITELEC.csproj", "{E4486E86-B67D-4C46-8CC1-818783BF2691}"
EndProject
Global
	GlobalSection(SolutionConfigurationPlatforms) = preSolution
		Debug|Any CPU = Debug|Any CPU
		Release|Any CPU = Release|Any CPU
	EndGlobalSection
	GlobalSection(ProjectConfigurationPlatforms) = postSolution
		{E4486E86-B67D-4C46-8CC1-818783BF2691}.Debug|Any CPU.ActiveCfg = Debug|Any CPU
		{E4486E86-B67D-4C46-8CC1-818783BF2691}.Debug|Any CPU.Build.0 = Debug|Any CPU
		{E4486E86-B67D-4C46-8CC1-818783BF2691}.Release|Any CPU.ActiveCfg = Release|Any CPU
		{E4486E86-B67D-4C46-8CC1-818783BF2691}.Release|Any CPU.Build.0 = Release|Any CPU
	EndGlobalSection
	GlobalSection(SolutionProperties) = preSolution
		HideSolutionNode = FALSE
	EndGlobalSection
	GlobalSection(ExtensibilityGlobals) = postSolution
		SolutionGuid = {DFC4CFC0-5BFC-4579-AD17-B20734C22298}
	EndGlobalSection
EndGlobal
